github.com/vulkan-go/vulkan v0.0.0-20181015060211-df48e8cc1538 h1:mS2FkUtbSHJ3Nd3TUlX88zQa5XsyUNFZ+BRD7ZwWkUI=
github.com/vulkan-go/vulkan v0.0.0-20181015060211-df48e8cc1538/go.mod h1:X6Qqg0j5A5cYHhFXUOl6TL/vYdyh/ajvyCvh+sEHQFI=
github.com/vulkan-go/vulkan v0.0.0-20200123094538-aa511c71e200 h1:Gd8JCplUKwEoAx/9s/zL9DQzNdxmWidxd2uM4zVpURw=
github.com/vulkan-go/vulkan v0.0.0-20200123094538-aa511c71e200/go.mod h1:X6Qqg0j5A5cYHhFXUOl6TL/vYdyh/ajvyCvh+sEHQFI=
